
Microsoft Visual Studio Solution File, Format Version 12.00
# Visual Studio Version 17
VisualStudioVersion = 17.2.32630.192
MinimumVisualStudioVersion = 10.0.40219.1
Project("{9A19103F-16F7-4668-BE54-9A1E7A4F7556}") = "Data", "HH2\Data.csproj", "{451D7112-3475-4B4C-9655-9C7357AC3960}"
EndProject
Project("{9A19103F-16F7-4668-BE54-9A1E7A4F7556}") = "Domain", "Domain\Domain.csproj", "{C9EAEEC2-876A-4C19-8556-6FCF5D585B3C}"
EndProject
Project("{9A19103F-16F7-4668-BE54-9A1E7A4F7556}") = "Api", "Api\Api.csproj", "{4B1A1E40-DA17-4CC5-A3CB-688BFA02BE51}"
EndProject
Project("{FAE04EC0-301F-11D3-BF4B-00C04F79EFBC}") = "Frontend", "Frontend\Frontend.csproj", "{176F6B96-C280-4807-8555-29841EA5256A}"
EndProject
Project("{FAE04EC0-301F-11D3-BF4B-00C04F79EFBC}") = "HH2Tests", "HH2Tests\HH2Tests.csproj", "{4E7593C0-8BF1-45AF-B62D-63C4457834C0}"
EndProject
Global
	GlobalSection(SolutionConfigurationPlatforms) = preSolution
		Debug|Any CPU = Debug|Any CPU
		Release|Any CPU = Release|Any CPU
	EndGlobalSection
	GlobalSection(ProjectConfigurationPlatforms) = postSolution
		{451D7112-3475-4B4C-9655-9C7357AC3960}.Debug|Any CPU.ActiveCfg = Debug|Any CPU
		{451D7112-3475-4B4C-9655-9C7357AC3960}.Debug|Any CPU.Build.0 = Debug|Any CPU
		{451D7112-3475-4B4C-9655-9C7357AC3960}.Release|Any CPU.ActiveCfg = Release|Any CPU
		{451D7112-3475-4B4C-9655-9C7357AC3960}.Release|Any CPU.Build.0 = Release|Any CPU
		{C9EAEEC2-876A-4C19-8556-6FCF5D585B3C}.Debug|Any CPU.ActiveCfg = Debug|Any CPU
		{C9EAEEC2-876A-4C19-8556-6FCF5D585B3C}.Debug|Any CPU.Build.0 = Debug|Any CPU
		{C9EAEEC2-876A-4C19-8556-6FCF5D585B3C}.Release|Any CPU.ActiveCfg = Release|Any CPU
		{C9EAEEC2-876A-4C19-8556-6FCF5D585B3C}.Release|Any CPU.Build.0 = Release|Any CPU
		{4B1A1E40-DA17-4CC5-A3CB-688BFA02BE51}.Debug|Any CPU.ActiveCfg = Debug|Any CPU
		{4B1A1E40-DA17-4CC5-A3CB-688BFA02BE51}.Debug|Any CPU.Build.0 = Debug|Any CPU
		{4B1A1E40-DA17-4CC5-A3CB-688BFA02BE51}.Release|Any CPU.ActiveCfg = Release|Any CPU
		{4B1A1E40-DA17-4CC5-A3CB-688BFA02BE51}.Release|Any CPU.Build.0 = Release|Any CPU
		{176F6B96-C280-4807-8555-29841EA5256A}.Debug|Any CPU.ActiveCfg = Debug|Any CPU
		{176F6B96-C280-4807-8555-29841EA5256A}.Debug|Any CPU.Build.0 = Debug|Any CPU
		{176F6B96-C280-4807-8555-29841EA5256A}.Release|Any CPU.ActiveCfg = Release|Any CPU
		{176F6B96-C280-4807-8555-29841EA5256A}.Release|Any CPU.Build.0 = Release|Any CPU
		{4E7593C0-8BF1-45AF-B62D-63C4457834C0}.Debug|Any CPU.ActiveCfg = Debug|Any CPU
		{4E7593C0-8BF1-45AF-B62D-63C4457834C0}.Debug|Any CPU.Build.0 = Debug|Any CPU
		{4E7593C0-8BF1-45AF-B62D-63C4457834C0}.Release|Any CPU.ActiveCfg = Release|Any CPU
		{4E7593C0-8BF1-45AF-B62D-63C4457834C0}.Release|Any CPU.Build.0 = Release|Any CPU
	EndGlobalSection
	GlobalSection(SolutionProperties) = preSolution
		HideSolutionNode = FALSE
	EndGlobalSection
	GlobalSection(ExtensibilityGlobals) = postSolution
		SolutionGuid = {E32CEBEC-F699-43A7-89F7-B95CF0CAC778}
	EndGlobalSection
EndGlobal
